// !$*UTF8*$!
{
	archiveVersion = 1;
	classes = {
	};
	objectVersion = 56;
	objects = {

/* Begin PBXBuildFile section */
		2E99EF9B2BEDCD7900C466B0 /* MenuViewController.swift in Sources */ = {isa = PBXBuildFile; fileRef = 2E99EF9A2BEDCD7900C466B0 /* MenuViewController.swift */; };
		2E99EF9D2BEDCDD000C466B0 /* Main.storyboard in Resources */ = {isa = PBXBuildFile; fileRef = 2E99EF9C2BEDCDD000C466B0 /* Main.storyboard */; };
		2EDE6DD02BEC60D800511387 /* AppDelegate.swift in Sources */ = {isa = PBXBuildFile; fileRef = 2EDE6DCF2BEC60D800511387 /* AppDelegate.swift */; };
		2EDE6DD22BEC60D800511387 /* SceneDelegate.swift in Sources */ = {isa = PBXBuildFile; fileRef = 2EDE6DD12BEC60D800511387 /* SceneDelegate.swift */; };
		2EDE6DD42BEC60D800511387 /* ViewController.swift in Sources */ = {isa = PBXBuildFile; fileRef = 2EDE6DD32BEC60D800511387 /* ViewController.swift */; };
		2EDE6DD72BEC60D800511387 /* Base in Resources */ = {isa = PBXBuildFile; fileRef = 2EDE6DD62BEC60D800511387 /* Base */; };
		2EDE6DD92BEC60D900511387 /* Assets.xcassets in Resources */ = {isa = PBXBuildFile; fileRef = 2EDE6DD82BEC60D900511387 /* Assets.xcassets */; };
		2EDE6DDC2BEC60D900511387 /* Base in Resources */ = {isa = PBXBuildFile; fileRef = 2EDE6DDB2BEC60D900511387 /* Base */; };
		2EDE6DE72BEC60D900511387 /* CT_0Tests.swift in Sources */ = {isa = PBXBuildFile; fileRef = 2EDE6DE62BEC60D900511387 /* CT_0Tests.swift */; };
		2EDE6DF12BEC60D900511387 /* CT_0UITests.swift in Sources */ = {isa = PBXBuildFile; fileRef = 2EDE6DF02BEC60D900511387 /* CT_0UITests.swift */; };
		2EDE6DF32BEC60D900511387 /* CT_0UITestsLaunchTests.swift in Sources */ = {isa = PBXBuildFile; fileRef = 2EDE6DF22BEC60D900511387 /* CT_0UITestsLaunchTests.swift */; };
/* End PBXBuildFile section */

/* Begin PBXContainerItemProxy section */
		2EDE6DE32BEC60D900511387 /* PBXContainerItemProxy */ = {
			isa = PBXContainerItemProxy;
			containerPortal = 2EDE6DC42BEC60D800511387 /* Project object */;
			proxyType = 1;
			remoteGlobalIDString = 2EDE6DCB2BEC60D800511387;
			remoteInfo = CT.0;
		};
		2EDE6DED2BEC60D900511387 /* PBXContainerItemProxy */ = {
			isa = PBXContainerItemProxy;
			containerPortal = 2EDE6DC42BEC60D800511387 /* Project object */;
			proxyType = 1;
			remoteGlobalIDString = 2EDE6DCB2BEC60D800511387;
			remoteInfo = CT.0;
		};
/* End PBXContainerItemProxy section */

/* Begin PBXFileReference section */
		2E99EF9A2BEDCD7900C466B0 /* MenuViewController.swift */ = {isa = PBXFileReference; lastKnownFileType = sourcecode.swift; path = MenuViewController.swift; sourceTree = "<group>"; };
		2E99EF9C2BEDCDD000C466B0 /* Main.storyboard */ = {isa = PBXFileReference; lastKnownFileType = file.storyboard; path = Main.storyboard; sourceTree = "<group>"; };
		2EDE6DCC2BEC60D800511387 /* CT.0.app */ = {isa = PBXFileReference; explicitFileType = wrapper.application; includeInIndex = 0; path = CT.0.app; sourceTree = BUILT_PRODUCTS_DIR; };
		2EDE6DCF2BEC60D800511387 /* AppDelegate.swift */ = {isa = PBXFileReference; lastKnownFileType = sourcecode.swift; path = AppDelegate.swift; sourceTree = "<group>"; };
		2EDE6DD12BEC60D800511387 /* SceneDelegate.swift */ = {isa = PBXFileReference; lastKnownFileType = sourcecode.swift; path = SceneDelegate.swift; sourceTree = "<group>"; };
		2EDE6DD32BEC60D800511387 /* ViewController.swift */ = {isa = PBXFileReference; lastKnownFileType = sourcecode.swift; path = ViewController.swift; sourceTree = "<group>"; };
		2EDE6DD62BEC60D800511387 /* Base */ = {isa = PBXFileReference; lastKnownFileType = file.storyboard; name = Base; path = Base.lproj/Tracker.storyboard; sourceTree = "<group>"; };
		2EDE6DD82BEC60D900511387 /* Assets.xcassets */ = {isa = PBXFileReference; lastKnownFileType = folder.assetcatalog; path = Assets.xcassets; sourceTree = "<group>"; };
		2EDE6DDB2BEC60D900511387 /* Base */ = {isa = PBXFileReference; lastKnownFileType = file.storyboard; name = Base; path = Base.lproj/LaunchScreen.storyboard; sourceTree = "<group>"; };
		2EDE6DDD2BEC60D900511387 /* Info.plist */ = {isa = PBXFileReference; lastKnownFileType = text.plist.xml; path = Info.plist; sourceTree = "<group>"; };
		2EDE6DE22BEC60D900511387 /* CT.0Tests.xctest */ = {isa = PBXFileReference; explicitFileType = wrapper.cfbundle; includeInIndex = 0; path = CT.0Tests.xctest; sourceTree = BUILT_PRODUCTS_DIR; };
		2EDE6DE62BEC60D900511387 /* CT_0Tests.swift */ = {isa = PBXFileReference; lastKnownFileType = sourcecode.swift; path = CT_0Tests.swift; sourceTree = "<group>"; };
		2EDE6DEC2BEC60D900511387 /* CT.0UITests.xctest */ = {isa = PBXFileReference; explicitFileType = wrapper.cfbundle; includeInIndex = 0; path = CT.0UITests.xctest; sourceTree = BUILT_PRODUCTS_DIR; };
		2EDE6DF02BEC60D900511387 /* CT_0UITests.swift */ = {isa = PBXFileReference; lastKnownFileType = sourcecode.swift; path = CT_0UITests.swift; sourceTree = "<group>"; };
		2EDE6DF22BEC60D900511387 /* CT_0UITestsLaunchTests.swift */ = {isa = PBXFileReference; lastKnownFileType = sourcecode.swift; path = CT_0UITestsLaunchTests.swift; sourceTree = "<group>"; };
/* End PBXFileReference section */

/* Begin PBXFrameworksBuildPhase section */
		2EDE6DC92BEC60D800511387 /* Frameworks */ = {
			isa = PBXFrameworksBuildPhase;
			buildActionMask = 2147483647;
			files = (
			);
			runOnlyForDeploymentPostprocessing = 0;
		};
		2EDE6DDF2BEC60D900511387 /* Frameworks */ = {
			isa = PBXFrameworksBuildPhase;
			buildActionMask = 2147483647;
			files = (
			);
			runOnlyForDeploymentPostprocessing = 0;
		};
		2EDE6DE92BEC60D900511387 /* Frameworks */ = {
			isa = PBXFrameworksBuildPhase;
			buildActionMask = 2147483647;
			files = (
			);
			runOnlyForDeploymentPostprocessing = 0;
		};
/* End PBXFrameworksBuildPhase section */

/* Begin PBXGroup section */
		2EDE6DC32BEC60D800511387 = {
			isa = PBXGroup;
			children = (
				2EDE6DCE2BEC60D800511387 /* CT.0 */,
				2EDE6DE52BEC60D900511387 /* CT.0Tests */,
				2EDE6DEF2BEC60D900511387 /* CT.0UITests */,
				2EDE6DCD2BEC60D800511387 /* Products */,
			);
			sourceTree = "<group>";
		};
		2EDE6DCD2BEC60D800511387 /* Products */ = {
			isa = PBXGroup;
			children = (
				2EDE6DCC2BEC60D800511387 /* CT.0.app */,
				2EDE6DE22BEC60D900511387 /* CT.0Tests.xctest */,
				2EDE6DEC2BEC60D900511387 /* CT.0UITests.xctest */,
			);
			name = Products;
			sourceTree = "<group>";
		};
		2EDE6DCE2BEC60D800511387 /* CT.0 */ = {
			isa = PBXGroup;
			children = (
				2EDE6DD32BEC60D800511387 /* ViewController.swift */,
				2EDE6DCF2BEC60D800511387 /* AppDelegate.swift */,
				2EDE6DD12BEC60D800511387 /* SceneDelegate.swift */,
				2EDE6DD52BEC60D800511387 /* Tracker.storyboard */,
				2E99EF9C2BEDCDD000C466B0 /* Main.storyboard */,
				2E99EF9A2BEDCD7900C466B0 /* MenuViewController.swift */,
				2EDE6DD82BEC60D900511387 /* Assets.xcassets */,
				2EDE6DDA2BEC60D900511387 /* LaunchScreen.storyboard */,
				2EDE6DDD2BEC60D900511387 /* Info.plist */,
			);
			path = CT.0;
			sourceTree = "<group>";
		};
		2EDE6DE52BEC60D900511387 /* CT.0Tests */ = {
			isa = PBXGroup;
			children = (
				2EDE6DE62BEC60D900511387 /* CT_0Tests.swift */,
			);
			path = CT.0Tests;
			sourceTree = "<group>";
		};
		2EDE6DEF2BEC60D900511387 /* CT.0UITests */ = {
			isa = PBXGroup;
			children = (
				2EDE6DF02BEC60D900511387 /* CT_0UITests.swift */,
				2EDE6DF22BEC60D900511387 /* CT_0UITestsLaunchTests.swift */,
			);
			path = CT.0UITests;
			sourceTree = "<group>";
		};
/* End PBXGroup section */

/* Begin PBXNativeTarget section */
		2EDE6DCB2BEC60D800511387 /* CT.0 */ = {
			isa = PBXNativeTarget;
			buildConfigurationList = 2EDE6DF62BEC60D900511387 /* Build configuration list for PBXNativeTarget "CT.0" */;
			buildPhases = (
				2EDE6DC82BEC60D800511387 /* Sources */,
				2EDE6DC92BEC60D800511387 /* Frameworks */,
				2EDE6DCA2BEC60D800511387 /* Resources */,
			);
			buildRules = (
			);
			dependencies = (
			);
			name = CT.0;
			productName = CT.0;
			productReference = 2EDE6DCC2BEC60D800511387 /* CT.0.app */;
			productType = "com.apple.product-type.application";
		};
		2EDE6DE12BEC60D900511387 /* CT.0Tests */ = {
			isa = PBXNativeTarget;
			buildConfigurationList = 2EDE6DF92BEC60D900511387 /* Build configuration list for PBXNativeTarget "CT.0Tests" */;
			buildPhases = (
				2EDE6DDE2BEC60D900511387 /* Sources */,
				2EDE6DDF2BEC60D900511387 /* Frameworks */,
				2EDE6DE02BEC60D900511387 /* Resources */,
			);
			buildRules = (
			);
			dependencies = (
				2EDE6DE42BEC60D900511387 /* PBXTargetDependency */,
			);
			name = CT.0Tests;
			productName = CT.0Tests;
			productReference = 2EDE6DE22BEC60D900511387 /* CT.0Tests.xctest */;
			productType = "com.apple.product-type.bundle.unit-test";
		};
		2EDE6DEB2BEC60D900511387 /* CT.0UITests */ = {
			isa = PBXNativeTarget;
			buildConfigurationList = 2EDE6DFC2BEC60D900511387 /* Build configuration list for PBXNativeTarget "CT.0UITests" */;
			buildPhases = (
				2EDE6DE82BEC60D900511387 /* Sources */,
				2EDE6DE92BEC60D900511387 /* Frameworks */,
				2EDE6DEA2BEC60D900511387 /* Resources */,
			);
			buildRules = (
			);
			dependencies = (
				2EDE6DEE2BEC60D900511387 /* PBXTargetDependency */,
			);
			name = CT.0UITests;
			productName = CT.0UITests;
			productReference = 2EDE6DEC2BEC60D900511387 /* CT.0UITests.xctest */;
			productType = "com.apple.product-type.bundle.ui-testing";
		};
/* End PBXNativeTarget section */

/* Begin PBXProject section */
		2EDE6DC42BEC60D800511387 /* Project object */ = {
			isa = PBXProject;
			attributes = {
				BuildIndependentTargetsInParallel = 1;
				LastSwiftUpdateCheck = 1530;
				LastUpgradeCheck = 1530;
				TargetAttributes = {
					2EDE6DCB2BEC60D800511387 = {
						CreatedOnToolsVersion = 15.3;
					};
					2EDE6DE12BEC60D900511387 = {
						CreatedOnToolsVersion = 15.3;
						TestTargetID = 2EDE6DCB2BEC60D800511387;
					};
					2EDE6DEB2BEC60D900511387 = {
						CreatedOnToolsVersion = 15.3;
						TestTargetID = 2EDE6DCB2BEC60D800511387;
					};
				};
			};
			buildConfigurationList = 2EDE6DC72BEC60D800511387 /* Build configuration list for PBXProject "CT.0" */;
			compatibilityVersion = "Xcode 14.0";
			developmentRegion = en;
			hasScannedForEncodings = 0;
			knownRegions = (
				en,
				Base,
			);
			mainGroup = 2EDE6DC32BEC60D800511387;
			productRefGroup = 2EDE6DCD2BEC60D800511387 /* Products */;
			projectDirPath = "";
			projectRoot = "";
			targets = (
				2EDE6DCB2BEC60D800511387 /* CT.0 */,
				2EDE6DE12BEC60D900511387 /* CT.0Tests */,
				2EDE6DEB2BEC60D900511387 /* CT.0UITests */,
			);
		};
/* End PBXProject section */

/* Begin PBXResourcesBuildPhase section */
		2EDE6DCA2BEC60D800511387 /* Resources */ = {
			isa = PBXResourcesBuildPhase;
			buildActionMask = 2147483647;
			files = (
				2EDE6DD92BEC60D900511387 /* Assets.xcassets in Resources */,
				2E99EF9D2BEDCDD000C466B0 /* Main.storyboard in Resources */,
				2EDE6DDC2BEC60D900511387 /* Base in Resources */,
				2EDE6DD72BEC60D800511387 /* Base in Resources */,
			);
			runOnlyForDeploymentPostprocessing = 0;
		};
		2EDE6DE02BEC60D900511387 /* Resources */ = {
			isa = PBXResourcesBuildPhase;
			buildActionMask = 2147483647;
			files = (
			);
			runOnlyForDeploymentPostprocessing = 0;
		};
		2EDE6DEA2BEC60D900511387 /* Resources */ = {
			isa = PBXResourcesBuildPhase;
			buildActionMask = 2147483647;
			files = (
			);
			runOnlyForDeploymentPostprocessing = 0;
		};
/* End PBXResourcesBuildPhase section */

/* Begin PBXSourcesBuildPhase section */
		2EDE6DC82BEC60D800511387 /* Sources */ = {
			isa = PBXSourcesBuildPhase;
			buildActionMask = 2147483647;
			files = (
				2EDE6DD42BEC60D800511387 /* ViewController.swift in Sources */,
				2EDE6DD02BEC60D800511387 /* AppDelegate.swift in Sources */,
				2EDE6DD22BEC60D800511387 /* SceneDelegate.swift in Sources */,
				2E99EF9B2BEDCD7900C466B0 /* MenuViewController.swift in Sources */,
			);
			runOnlyForDeploymentPostprocessing = 0;
		};
		2EDE6DDE2BEC60D900511387 /* Sources */ = {
			isa = PBXSourcesBuildPhase;
			buildActionMask = 2147483647;
			files = (
				2EDE6DE72BEC60D900511387 /* CT_0Tests.swift in Sources */,
			);
			runOnlyForDeploymentPostprocessing = 0;
		};
		2EDE6DE82BEC60D900511387 /* Sources */ = {
			isa = PBXSourcesBuildPhase;
			buildActionMask = 2147483647;
			files = (
				2EDE6DF32BEC60D900511387 /* CT_0UITestsLaunchTests.swift in Sources */,
				2EDE6DF12BEC60D900511387 /* CT_0UITests.swift in Sources */,
			);
			runOnlyForDeploymentPostprocessing = 0;
		};
/* End PBXSourcesBuildPhase section */

/* Begin PBXTargetDependency section */
		2EDE6DE42BEC60D900511387 /* PBXTargetDependency */ = {
			isa = PBXTargetDependency;
			target = 2EDE6DCB2BEC60D800511387 /* CT.0 */;
			targetProxy = 2EDE6DE32BEC60D900511387 /* PBXContainerItemProxy */;
		};
		2EDE6DEE2BEC60D900511387 /* PBXTargetDependency */ = {
			isa = PBXTargetDependency;
			target = 2EDE6DCB2BEC60D800511387 /* CT.0 */;
			targetProxy = 2EDE6DED2BEC60D900511387 /* PBXContainerItemProxy */;
		};
/* End PBXTargetDependency section */

/* Begin PBXVariantGroup section */
		2EDE6DD52BEC60D800511387 /* Tracker.storyboard */ = {
			isa = PBXVariantGroup;
			children = (
				2EDE6DD62BEC60D800511387 /* Base */,
			);
			name = Tracker.storyboard;
			sourceTree = "<group>";
		};
		2EDE6DDA2BEC60D900511387 /* LaunchScreen.storyboard */ = {
			isa = PBXVariantGroup;
			children = (
				2EDE6DDB2BEC60D900511387 /* Base */,
			);
			name = LaunchScreen.storyboard;
			sourceTree = "<group>";
		};
/* End PBXVariantGroup section */

/* Begin XCBuildConfiguration section */
		2EDE6DF42BEC60D900511387 /* Debug */ = {
			isa = XCBuildConfiguration;
			buildSettings = {
				ALWAYS_SEARCH_USER_PATHS = NO;
				ASSETCATALOG_COMPILER_GENERATE_SWIFT_ASSET_SYMBOL_EXTENSIONS = YES;
				CLANG_ANALYZER_NONNULL = YES;
				CLANG_ANALYZER_NUMBER_OBJECT_CONVERSION = YES_AGGRESSIVE;
				CLANG_CXX_LANGUAGE_STANDARD = "gnu++20";
				CLANG_ENABLE_MODULES = YES;
				CLANG_ENABLE_OBJC_ARC = YES;
				CLANG_ENABLE_OBJC_WEAK = YES;
				CLANG_WARN_BLOCK_CAPTURE_AUTORELEASING = YES;
				CLANG_WARN_BOOL_CONVERSION = YES;
				CLANG_WARN_COMMA = YES;
				CLANG_WARN_CONSTANT_CONVERSION = YES;
				CLANG_WARN_DEPRECATED_OBJC_IMPLEMENTATIONS = YES;
				CLANG_WARN_DIRECT_OBJC_ISA_USAGE = YES_ERROR;
				CLANG_WARN_DOCUMENTATION_COMMENTS = YES;
				CLANG_WARN_EMPTY_BODY = YES;
				CLANG_WARN_ENUM_CONVERSION = YES;
				CLANG_WARN_INFINITE_RECURSION = YES;
				CLANG_WARN_INT_CONVERSION = YES;
				CLANG_WARN_NON_LITERAL_NULL_CONVERSION = YES;
				CLANG_WARN_OBJC_IMPLICIT_RETAIN_SELF = YES;
				CLANG_WARN_OBJC_LITERAL_CONVERSION = YES;
				CLANG_WARN_OBJC_ROOT_CLASS = YES_ERROR;
				CLANG_WARN_QUOTED_INCLUDE_IN_FRAMEWORK_HEADER = YES;
				CLANG_WARN_RANGE_LOOP_ANALYSIS = YES;
				CLANG_WARN_STRICT_PROTOTYPES = YES;
				CLANG_WARN_SUSPICIOUS_MOVE = YES;
				CLANG_WARN_UNGUARDED_AVAILABILITY = YES_AGGRESSIVE;
				CLANG_WARN_UNREACHABLE_CODE = YES;
				CLANG_WARN__DUPLICATE_METHOD_MATCH = YES;
				COPY_PHASE_STRIP = NO;
				DEBUG_INFORMATION_FORMAT = dwarf;
				ENABLE_STRICT_OBJC_MSGSEND = YES;
				ENABLE_TESTABILITY = YES;
				ENABLE_USER_SCRIPT_SANDBOXING = YES;
				GCC_C_LANGUAGE_STANDARD = gnu17;
				GCC_DYNAMIC_NO_PIC = NO;
				GCC_NO_COMMON_BLOCKS = YES;
				GCC_OPTIMIZATION_LEVEL = 0;
				GCC_PREPROCESSOR_DEFINITIONS = (
					"DEBUG=1",
					"$(inherited)",
				);
				GCC_WARN_64_TO_32_BIT_CONVERSION = YES;
				GCC_WARN_ABOUT_RETURN_TYPE = YES_ERROR;
				GCC_WARN_UNDECLARED_SELECTOR = YES;
				GCC_WARN_UNINITIALIZED_AUTOS = YES_AGGRESSIVE;
				GCC_WARN_UNUSED_FUNCTION = YES;
				GCC_WARN_UNUSED_VARIABLE = YES;
				IPHONEOS_DEPLOYMENT_TARGET = 17.4;
				LOCALIZATION_PREFERS_STRING_CATALOGS = YES;
				MTL_ENABLE_DEBUG_INFO = INCLUDE_SOURCE;
				MTL_FAST_MATH = YES;
				ONLY_ACTIVE_ARCH = YES;
				SDKROOT = iphoneos;
				SWIFT_ACTIVE_COMPILATION_CONDITIONS = "DEBUG $(inherited)";
				SWIFT_OPTIMIZATION_LEVEL = "-Onone";
			};
			name = Debug;
		};
		2EDE6DF52BEC60D900511387 /* Release */ = {
			isa = XCBuildConfiguration;
			buildSettings = {
				ALWAYS_SEARCH_USER_PATHS = NO;
				ASSETCATALOG_COMPILER_GENERATE_SWIFT_ASSET_SYMBOL_EXTENSIONS = YES;
				CLANG_ANALYZER_NONNULL = YES;
				CLANG_ANALYZER_NUMBER_OBJECT_CONVERSION = YES_AGGRESSIVE;
				CLANG_CXX_LANGUAGE_STANDARD = "gnu++20";
				CLANG_ENABLE_MODULES = YES;
				CLANG_ENABLE_OBJC_ARC = YES;
				CLANG_ENABLE_OBJC_WEAK = YES;
				CLANG_WARN_BLOCK_CAPTURE_AUTORELEASING = YES;
				CLANG_WARN_BOOL_CONVERSION = YES;
				CLANG_WARN_COMMA = YES;
				CLANG_WARN_CONSTANT_CONVERSION = YES;
				CLANG_WARN_DEPRECATED_OBJC_IMPLEMENTATIONS = YES;
				CLANG_WARN_DIRECT_OBJC_ISA_USAGE = YES_ERROR;
				CLANG_WARN_DOCUMENTATION_COMMENTS = YES;
				CLANG_WARN_EMPTY_BODY = YES;
				CLANG_WARN_ENUM_CONVERSION = YES;
				CLANG_WARN_INFINITE_RECURSION = YES;
				CLANG_WARN_INT_CONVERSION = YES;
				CLANG_WARN_NON_LITERAL_NULL_CONVERSION = YES;
				CLANG_WARN_OBJC_IMPLICIT_RETAIN_SELF = YES;
				CLANG_WARN_OBJC_LITERAL_CONVERSION = YES;
				CLANG_WARN_OBJC_ROOT_CLASS = YES_ERROR;
				CLANG_WARN_QUOTED_INCLUDE_IN_FRAMEWORK_HEADER = YES;
				CLANG_WARN_RANGE_LOOP_ANALYSIS = YES;
				CLANG_WARN_STRICT_PROTOTYPES = YES;
				CLANG_WARN_SUSPICIOUS_MOVE = YES;
				CLANG_WARN_UNGUARDED_AVAILABILITY = YES_AGGRESSIVE;
				CLANG_WARN_UNREACHABLE_CODE = YES;
				CLANG_WARN__DUPLICATE_METHOD_MATCH = YES;
				COPY_PHASE_STRIP = NO;
				DEBUG_INFORMATION_FORMAT = "dwarf-with-dsym";
				ENABLE_NS_ASSERTIONS = NO;
				ENABLE_STRICT_OBJC_MSGSEND = YES;
				ENABLE_USER_SCRIPT_SANDBOXING = YES;
				GCC_C_LANGUAGE_STANDARD = gnu17;
				GCC_NO_COMMON_BLOCKS = YES;
				GCC_WARN_64_TO_32_BIT_CONVERSION = YES;
				GCC_WARN_ABOUT_RETURN_TYPE = YES_ERROR;
				GCC_WARN_UNDECLARED_SELECTOR = YES;
				GCC_WARN_UNINITIALIZED_AUTOS = YES_AGGRESSIVE;
				GCC_WARN_UNUSED_FUNCTION = YES;
				GCC_WARN_UNUSED_VARIABLE = YES;
				IPHONEOS_DEPLOYMENT_TARGET = 17.4;
				LOCALIZATION_PREFERS_STRING_CATALOGS = YES;
				MTL_ENABLE_DEBUG_INFO = NO;
				MTL_FAST_MATH = YES;
				SDKROOT = iphoneos;
				SWIFT_COMPILATION_MODE = wholemodule;
				VALIDATE_PRODUCT = YES;
			};
			name = Release;
		};
		2EDE6DF72BEC60D900511387 /* Debug */ = {
			isa = XCBuildConfiguration;
			buildSettings = {
				ASSETCATALOG_COMPILER_APPICON_NAME = AppIcon;
				ASSETCATALOG_COMPILER_GLOBAL_ACCENT_COLOR_NAME = AccentColor;
				CODE_SIGN_STYLE = Automatic;
				CURRENT_PROJECT_VERSION = 1;
				DEVELOPMENT_TEAM = 292GJW5GRS;
				GENERATE_INFOPLIST_FILE = YES;
				INFOPLIST_FILE = CT.0/Info.plist;
				INFOPLIST_KEY_UIApplicationSupportsIndirectInputEvents = YES;
				INFOPLIST_KEY_UILaunchStoryboardName = LaunchScreen;
				INFOPLIST_KEY_UIMainStoryboardFile = Main;
				INFOPLIST_KEY_UISupportedInterfaceOrientations_iPad = "UIInterfaceOrientationPortrait UIInterfaceOrientationPortraitUpsideDown UIInterfaceOrientationLandscapeLeft UIInterfaceOrientationLandscapeRight";
				INFOPLIST_KEY_UISupportedInterfaceOrientations_iPhone = "UIInterfaceOrientationPortrait UIInterfaceOrientationLandscapeLeft UIInterfaceOrientationLandscapeRight";
				LD_RUNPATH_SEARCH_PATHS = (
					"$(inherited)",
					"@executable_path/Frameworks",
				);
				MARKETING_VERSION = 1.0;
				PRODUCT_BUNDLE_IDENTIFIER = "TNR.CT-0";
				PRODUCT_NAME = "$(TARGET_NAME)";
				SWIFT_EMIT_LOC_STRINGS = YES;
				SWIFT_VERSION = 5.0;
				TARGETED_DEVICE_FAMILY = "1,2";
			};
			name = Debug;
		};
		2EDE6DF82BEC60D900511387 /* Release */ = {
			isa = XCBuildConfiguration;
			buildSettings = {
				ASSETCATALOG_COMPILER_APPICON_NAME = AppIcon;
				ASSETCATALOG_COMPILER_GLOBAL_ACCENT_COLOR_NAME = AccentColor;
				CODE_SIGN_STYLE = Automatic;
				CURRENT_PROJECT_VERSION = 1;
				DEVELOPMENT_TEAM = 292GJW5GRS;
				GENERATE_INFOPLIST_FILE = YES;
				INFOPLIST_FILE = CT.0/Info.plist;
				INFOPLIST_KEY_UIApplicationSupportsIndirectInputEvents = YES;
				INFOPLIST_KEY_UILaunchStoryboardName = LaunchScreen;
				INFOPLIST_KEY_UIMainStoryboardFile = Main;
				INFOPLIST_KEY_UISupportedInterfaceOrientations_iPad = "UIInterfaceOrientationPortrait UIInterfaceOrientationPortraitUpsideDown UIInterfaceOrientationLandscapeLeft UIInterfaceOrientationLandscapeRight";
				INFOPLIST_KEY_UISupportedInterfaceOrientations_iPhone = "UIInterfaceOrientationPortrait UIInterfaceOrientationLandscapeLeft UIInterfaceOrientationLandscapeRight";
				LD_RUNPATH_SEARCH_PATHS = (
					"$(inherited)",
					"@executable_path/Frameworks",
				);
				MARKETING_VERSION = 1.0;
				PRODUCT_BUNDLE_IDENTIFIER = "TNR.CT-0";
				PRODUCT_NAME = "$(TARGET_NAME)";
				SWIFT_EMIT_LOC_STRINGS = YES;
				SWIFT_VERSION = 5.0;
				TARGETED_DEVICE_FAMILY = "1,2";
			};
			name = Release;
		};
		2EDE6DFA2BEC60D900511387 /* Debug */ = {
			isa = XCBuildConfiguration;
			buildSettings = {
				ALWAYS_EMBED_SWIFT_STANDARD_LIBRARIES = YES;
				BUNDLE_LOADER = "$(TEST_HOST)";
				CODE_SIGN_STYLE = Automatic;
				CURRENT_PROJECT_VERSION = 1;
				DEVELOPMENT_TEAM = 292GJW5GRS;
				GENERATE_INFOPLIST_FILE = YES;
				IPHONEOS_DEPLOYMENT_TARGET = 17.4;
				MARKETING_VERSION = 1.0;
				PRODUCT_BUNDLE_IDENTIFIER = "TNR.CT-0Tests";
				PRODUCT_NAME = "$(TARGET_NAME)";
				SWIFT_EMIT_LOC_STRINGS = NO;
				SWIFT_VERSION = 5.0;
				TARGETED_DEVICE_FAMILY = "1,2";
				TEST_HOST = "$(BUILT_PRODUCTS_DIR)/CT.0.app/$(BUNDLE_EXECUTABLE_FOLDER_PATH)/CT.0";
			};
			name = Debug;
		};
		2EDE6DFB2BEC60D900511387 /* Release */ = {
			isa = XCBuildConfiguration;
			buildSettings = {
				ALWAYS_EMBED_SWIFT_STANDARD_LIBRARIES = YES;
				BUNDLE_LOADER = "$(TEST_HOST)";
				CODE_SIGN_STYLE = Automatic;
				CURRENT_PROJECT_VERSION = 1;
				DEVELOPMENT_TEAM = 292GJW5GRS;
				GENERATE_INFOPLIST_FILE = YES;
				IPHONEOS_DEPLOYMENT_TARGET = 17.4;
				MARKETING_VERSION = 1.0;
				PRODUCT_BUNDLE_IDENTIFIER = "TNR.CT-0Tests";
				PRODUCT_NAME = "$(TARGET_NAME)";
				SWIFT_EMIT_LOC_STRINGS = NO;
				SWIFT_VERSION = 5.0;
				TARGETED_DEVICE_FAMILY = "1,2";
				TEST_HOST = "$(BUILT_PRODUCTS_DIR)/CT.0.app/$(BUNDLE_EXECUTABLE_FOLDER_PATH)/CT.0";
			};
			name = Release;
		};
		2EDE6DFD2BEC60D900511387 /* Debug */ = {
			isa = XCBuildConfiguration;
			buildSettings = {
				ALWAYS_EMBED_SWIFT_STANDARD_LIBRARIES = YES;
				CODE_SIGN_STYLE = Automatic;
				CURRENT_PROJECT_VERSION = 1;
				DEVELOPMENT_TEAM = 292GJW5GRS;
				GENERATE_INFOPLIST_FILE = YES;
				MARKETING_VERSION = 1.0;
				PRODUCT_BUNDLE_IDENTIFIER = "TNR.CT-0UITests";
				PRODUCT_NAME = "$(TARGET_NAME)";
				SWIFT_EMIT_LOC_STRINGS = NO;
				SWIFT_VERSION = 5.0;
				TARGETED_DEVICE_FAMILY = "1,2";
				TEST_TARGET_NAME = CT.0;
			};
			name = Debug;
		};
		2EDE6DFE2BEC60D900511387 /* Release */ = {
			isa = XCBuildConfiguration;
			buildSettings = {
				ALWAYS_EMBED_SWIFT_STANDARD_LIBRARIES = YES;
				CODE_SIGN_STYLE = Automatic;
				CURRENT_PROJECT_VERSION = 1;
				DEVELOPMENT_TEAM = 292GJW5GRS;
				GENERATE_INFOPLIST_FILE = YES;
				MARKETING_VERSION = 1.0;
				PRODUCT_BUNDLE_IDENTIFIER = "TNR.CT-0UITests";
				PRODUCT_NAME = "$(TARGET_NAME)";
				SWIFT_EMIT_LOC_STRINGS = NO;
				SWIFT_VERSION = 5.0;
				TARGETED_DEVICE_FAMILY = "1,2";
				TEST_TARGET_NAME = CT.0;
			};
			name = Release;
		};
/* End XCBuildConfiguration section */

/* Begin XCConfigurationList section */
		2EDE6DC72BEC60D800511387 /* Build configuration list for PBXProject "CT.0" */ = {
			isa = XCConfigurationList;
			buildConfigurations = (
				2EDE6DF42BEC60D900511387 /* Debug */,
				2EDE6DF52BEC60D900511387 /* Release */,
			);
			defaultConfigurationIsVisible = 0;
			defaultConfigurationName = Release;
		};
		2EDE6DF62BEC60D900511387 /* Build configuration list for PBXNativeTarget "CT.0" */ = {
			isa = XCConfigurationList;
			buildConfigurations = (
				2EDE6DF72BEC60D900511387 /* Debug */,
				2EDE6DF82BEC60D900511387 /* Release */,
			);
			defaultConfigurationIsVisible = 0;
			defaultConfigurationName = Release;
		};
		2EDE6DF92BEC60D900511387 /* Build configuration list for PBXNativeTarget "CT.0Tests" */ = {
			isa = XCConfigurationList;
			buildConfigurations = (
				2EDE6DFA2BEC60D900511387 /* Debug */,
				2EDE6DFB2BEC60D900511387 /* Release */,
			);
			defaultConfigurationIsVisible = 0;
			defaultConfigurationName = Release;
		};
		2EDE6DFC2BEC60D900511387 /* Build configuration list for PBXNativeTarget "CT.0UITests" */ = {
			isa = XCConfigurationList;
			buildConfigurations = (
				2EDE6DFD2BEC60D900511387 /* Debug */,
				2EDE6DFE2BEC60D900511387 /* Release */,
			);
			defaultConfigurationIsVisible = 0;
			defaultConfigurationName = Release;
		};
/* End XCConfigurationList section */
	};
	rootObject = 2EDE6DC42BEC60D800511387 /* Project object */;
}
